
Microsoft Visual Studio Solution File, Format Version 12.00
# Visual Studio Version 17
VisualStudioVersion = 17.5.002.0
MinimumVisualStudioVersion = 10.0.40219.1
Project("{9A19103F-16F7-4668-BE54-9A1E7A4F7556}") = "Chamada", "Chamada.csproj", "{80DF7768-1AA8-428E-90CC-41CB5A4537C7}"
EndProject
Global
	GlobalSection(SolutionConfigurationPlatforms) = preSolution
		Debug|Any CPU = Debug|Any CPU
		Release|Any CPU = Release|Any CPU
	EndGlobalSection
	GlobalSection(ProjectConfigurationPlatforms) = postSolution
		{80DF7768-1AA8-428E-90CC-41CB5A4537C7}.Debug|Any CPU.ActiveCfg = Debug|Any CPU
		{80DF7768-1AA8-428E-90CC-41CB5A4537C7}.Debug|Any CPU.Build.0 = Debug|Any CPU
		{80DF7768-1AA8-428E-90CC-41CB5A4537C7}.Release|Any CPU.ActiveCfg = Release|Any CPU
		{80DF7768-1AA8-428E-90CC-41CB5A4537C7}.Release|Any CPU.Build.0 = Release|Any CPU
	EndGlobalSection
	GlobalSection(SolutionProperties) = preSolution
		HideSolutionNode = FALSE
	EndGlobalSection
	GlobalSection(ExtensibilityGlobals) = postSolution
		SolutionGuid = {BAAC6857-8D57-4216-9244-D40E1E47BDB1}
	EndGlobalSection
EndGlobal
